
Microsoft Visual Studio Solution File, Format Version 12.00
# Visual Studio Version 16
VisualStudioVersion = 16.0.29306.81
MinimumVisualStudioVersion = 10.0.40219.1
Project("{FAE04EC0-301F-11D3-BF4B-00C04F79EFBC}") = "EmpyrionPoiRestore", "EmpyrionPoiRestore\EmpyrionPoiRestore.csproj", "{360A5E5A-BCA3-405F-B012-0AA68F3F1ACF}"
EndProject
Global
	GlobalSection(SolutionConfigurationPlatforms) = preSolution
		Debug|Any CPU = Debug|Any CPU
		Release|Any CPU = Release|Any CPU
	EndGlobalSection
	GlobalSection(ProjectConfigurationPlatforms) = postSolution
		{360A5E5A-BCA3-405F-B012-0AA68F3F1ACF}.Debug|Any CPU.ActiveCfg = Debug|Any CPU
		{360A5E5A-BCA3-405F-B012-0AA68F3F1ACF}.Debug|Any CPU.Build.0 = Debug|Any CPU
		{360A5E5A-BCA3-405F-B012-0AA68F3F1ACF}.Release|Any CPU.ActiveCfg = Release|Any CPU
		{360A5E5A-BCA3-405F-B012-0AA68F3F1ACF}.Release|Any CPU.Build.0 = Release|Any CPU
	EndGlobalSection
	GlobalSection(SolutionProperties) = preSolution
		HideSolutionNode = FALSE
	EndGlobalSection
	GlobalSection(ExtensibilityGlobals) = postSolution
		SolutionGuid = {70015494-F405-4660-BF4C-A83867607BB8}
	EndGlobalSection
EndGlobal
